
Microsoft Visual Studio Solution File, Format Version 12.00
# Visual Studio Version 17
VisualStudioVersion = 17.11.35222.181
MinimumVisualStudioVersion = 10.0.40219.1
Project("{FAE04EC0-301F-11D3-BF4B-00C04F79EFBC}") = "Banner", "Banner\Banner.csproj", "{71F0E045-FEE2-4976-A832-38BDA646A59D}"
EndProject
Global
	GlobalSection(SolutionConfigurationPlatforms) = preSolution
		Debug|Any CPU = Debug|Any CPU
		Release|Any CPU = Release|Any CPU
	EndGlobalSection
	GlobalSection(ProjectConfigurationPlatforms) = postSolution
		{71F0E045-FEE2-4976-A832-38BDA646A59D}.Debug|Any CPU.ActiveCfg = Debug|Any CPU
		{71F0E045-FEE2-4976-A832-38BDA646A59D}.Debug|Any CPU.Build.0 = Debug|Any CPU
		{71F0E045-FEE2-4976-A832-38BDA646A59D}.Release|Any CPU.ActiveCfg = Release|Any CPU
		{71F0E045-FEE2-4976-A832-38BDA646A59D}.Release|Any CPU.Build.0 = Release|Any CPU
	EndGlobalSection
	GlobalSection(SolutionProperties) = preSolution
		HideSolutionNode = FALSE
	EndGlobalSection
	GlobalSection(ExtensibilityGlobals) = postSolution
		SolutionGuid = {2EFAF41A-336A-4BBB-972F-0BADEFC9118A}
	EndGlobalSection
EndGlobal
